{
  "name": "http-os-info",
  "version": "1.0.0",
  "lockfileVersion": 1,
  "requires": true,
  "dependencies": {
    "async": {
      "version": "2.6.1",
      "resolved": "https://registry.npmjs.org/async/-/async-2.6.1.tgz",
      "integrity": "sha512-fNEiL2+AZt6AlAw/29Cr0UDe4sRAHCpEHh54WMz+Bb7QfNcFw4h3loofyJpLeQs4Yx7yuqu/2dLgM5hKOs6HlQ==",
      "requires": {
        "lodash": "^4.17.10"
      }
    },
    "getos": {
      "version": "3.1.1",
      "resolved": "https://registry.npmjs.org/getos/-/getos-3.1.1.tgz",
      "integrity": "sha512-oUP1rnEhAr97rkitiszGP9EgDVYnmchgFzfqRzSkgtfv7ai6tEi7Ko8GgjNXts7VLWEqrTWyhsOKLe5C5b/Zkg==",
      "requires": {
        "async": "2.6.1"
      }
    },
    "lodash": {
      "version": "4.17.21",
      "resolved": "https://registry.npmjs.org/lodash/-/lodash-4.17.21.tgz",
      "integrity": "sha512-v2kDEe57lecTulaDIuNTPy3Ry4gLGJ6Z1O3vE1krgXZNrsQ+LFTGHVxVjcXPs17LhbZVGedAJv8XZ1tvj5FvSg=="
    }
  }
}
